
Microsoft Visual Studio Solution File, Format Version 12.00
# Visual Studio Version 16
VisualStudioVersion = 16.0.30104.148
MinimumVisualStudioVersion = 10.0.40219.1
Project("{FAE04EC0-301F-11D3-BF4B-00C04F79EFBC}") = "HanaDataAccess", "HanaDataAccess\HanaDataAccess.csproj", "{1683CE00-4EEE-4A64-8E8C-F7A280E636CC}"
EndProject
Global
	GlobalSection(SolutionConfigurationPlatforms) = preSolution
		Debug|Any CPU = Debug|Any CPU
		Release|Any CPU = Release|Any CPU
	EndGlobalSection
	GlobalSection(ProjectConfigurationPlatforms) = postSolution
		{1683CE00-4EEE-4A64-8E8C-F7A280E636CC}.Debug|Any CPU.ActiveCfg = Debug|Any CPU
		{1683CE00-4EEE-4A64-8E8C-F7A280E636CC}.Debug|Any CPU.Build.0 = Debug|Any CPU
		{1683CE00-4EEE-4A64-8E8C-F7A280E636CC}.Release|Any CPU.ActiveCfg = Release|Any CPU
		{1683CE00-4EEE-4A64-8E8C-F7A280E636CC}.Release|Any CPU.Build.0 = Release|Any CPU
	EndGlobalSection
	GlobalSection(SolutionProperties) = preSolution
		HideSolutionNode = FALSE
	EndGlobalSection
	GlobalSection(ExtensibilityGlobals) = postSolution
		SolutionGuid = {E48F3C0E-FD38-4731-85A5-FA8E483E3354}
	EndGlobalSection
EndGlobal
